
Microsoft Visual Studio Solution File, Format Version 12.00
# Visual Studio Version 17
VisualStudioVersion = 17.5.33627.172
MinimumVisualStudioVersion = 10.0.40219.1
Project("{FAE04EC0-301F-11D3-BF4B-00C04F79EFBC}") = "labsheet=number2question2", "labsheet=number2question2\labsheet=number2question2.csproj", "{D624C1DF-BEF3-4A9A-99AF-ACFBF9ED7353}"
EndProject
Global
	GlobalSection(SolutionConfigurationPlatforms) = preSolution
		Debug|Any CPU = Debug|Any CPU
		Release|Any CPU = Release|Any CPU
	EndGlobalSection
	GlobalSection(ProjectConfigurationPlatforms) = postSolution
		{D624C1DF-BEF3-4A9A-99AF-ACFBF9ED7353}.Debug|Any CPU.ActiveCfg = Debug|Any CPU
		{D624C1DF-BEF3-4A9A-99AF-ACFBF9ED7353}.Debug|Any CPU.Build.0 = Debug|Any CPU
		{D624C1DF-BEF3-4A9A-99AF-ACFBF9ED7353}.Release|Any CPU.ActiveCfg = Release|Any CPU
		{D624C1DF-BEF3-4A9A-99AF-ACFBF9ED7353}.Release|Any CPU.Build.0 = Release|Any CPU
	EndGlobalSection
	GlobalSection(SolutionProperties) = preSolution
		HideSolutionNode = FALSE
	EndGlobalSection
	GlobalSection(ExtensibilityGlobals) = postSolution
		SolutionGuid = {A764A6D8-C79F-48B2-8441-F0056A605AB0}
	EndGlobalSection
EndGlobal
